
Microsoft Visual Studio Solution File, Format Version 12.00
# Visual Studio 15
Project("{FAE04EC0-301F-11D3-BF4B-00C04F79EFBC}") = "Assembly-CSharp-Editor", "Assembly-CSharp-Editor.csproj", "{2DAC999E-10E8-D580-C1DC-E0469B5BA15F}"
EndProject
Project("{FAE04EC0-301F-11D3-BF4B-00C04F79EFBC}") = "Assembly-CSharp", "Assembly-CSharp.csproj", "{52C91DC1-9839-BAD3-5A0C-2913DCBFBEEB}"
EndProject
Global
	GlobalSection(SolutionConfigurationPlatforms) = preSolution
		Debug|Any CPU = Debug|Any CPU
		Release|Any CPU = Release|Any CPU
	EndGlobalSection
	GlobalSection(ProjectConfigurationPlatforms) = postSolution
		{2DAC999E-10E8-D580-C1DC-E0469B5BA15F}.Debug|Any CPU.ActiveCfg = Debug|Any CPU
		{2DAC999E-10E8-D580-C1DC-E0469B5BA15F}.Debug|Any CPU.Build.0 = Debug|Any CPU
		{2DAC999E-10E8-D580-C1DC-E0469B5BA15F}.Release|Any CPU.ActiveCfg = Release|Any CPU
		{2DAC999E-10E8-D580-C1DC-E0469B5BA15F}.Release|Any CPU.Build.0 = Release|Any CPU
		{52C91DC1-9839-BAD3-5A0C-2913DCBFBEEB}.Debug|Any CPU.ActiveCfg = Debug|Any CPU
		{52C91DC1-9839-BAD3-5A0C-2913DCBFBEEB}.Debug|Any CPU.Build.0 = Debug|Any CPU
		{52C91DC1-9839-BAD3-5A0C-2913DCBFBEEB}.Release|Any CPU.ActiveCfg = Release|Any CPU
		{52C91DC1-9839-BAD3-5A0C-2913DCBFBEEB}.Release|Any CPU.Build.0 = Release|Any CPU
	EndGlobalSection
	GlobalSection(SolutionProperties) = preSolution
		HideSolutionNode = FALSE
	EndGlobalSection
EndGlobal
